// !$*UTF8*$!
{
	archiveVersion = 1;
	classes = {
	};
	objectVersion = 50;
	objects = {

/* Begin PBXBuildFile section */
		981EC72D23EA469D00CB8C7D /* NetworkLIB.framework in Frameworks */ = {isa = PBXBuildFile; fileRef = 98F2E7DE23E912F5009D429B /* NetworkLIB.framework */; };
		981EC72E23EA469D00CB8C7D /* NetworkLIB.framework in Embed Frameworks */ = {isa = PBXBuildFile; fileRef = 98F2E7DE23E912F5009D429B /* NetworkLIB.framework */; settings = {ATTRIBUTES = (CodeSignOnCopy, RemoveHeadersOnCopy, ); }; };
		9829DD8023FAACA2004E1AD0 /* StocksModel.swift in Sources */ = {isa = PBXBuildFile; fileRef = 9829DD7F23FAACA2004E1AD0 /* StocksModel.swift */; };
		9881CC8E23EE3E7E00769AF5 /* PricesViewController.swift in Sources */ = {isa = PBXBuildFile; fileRef = 9881CC8D23EE3E7E00769AF5 /* PricesViewController.swift */; };
		9881CC9023EE429E00769AF5 /* SearchStockViewController.swift in Sources */ = {isa = PBXBuildFile; fileRef = 9881CC8F23EE429E00769AF5 /* SearchStockViewController.swift */; };
		988DE91523EF983B00AFE931 /* HomeBusiness.swift in Sources */ = {isa = PBXBuildFile; fileRef = 988DE91423EF983B00AFE931 /* HomeBusiness.swift */; };
		9895F74423CD5B67006BB50D /* AppDelegate.swift in Sources */ = {isa = PBXBuildFile; fileRef = 9895F74323CD5B67006BB50D /* AppDelegate.swift */; };
		9895F74623CD5B67006BB50D /* SceneDelegate.swift in Sources */ = {isa = PBXBuildFile; fileRef = 9895F74523CD5B67006BB50D /* SceneDelegate.swift */; };
		9895F74823CD5B67006BB50D /* HomeViewController.swift in Sources */ = {isa = PBXBuildFile; fileRef = 9895F74723CD5B67006BB50D /* HomeViewController.swift */; };
		9895F74B23CD5B67006BB50D /* Home.storyboard in Resources */ = {isa = PBXBuildFile; fileRef = 9895F74923CD5B67006BB50D /* Home.storyboard */; };
		9895F74D23CD5B6A006BB50D /* Assets.xcassets in Resources */ = {isa = PBXBuildFile; fileRef = 9895F74C23CD5B6A006BB50D /* Assets.xcassets */; };
		9895F75023CD5B6A006BB50D /* LaunchScreen.storyboard in Resources */ = {isa = PBXBuildFile; fileRef = 9895F74E23CD5B6A006BB50D /* LaunchScreen.storyboard */; };
		9895F75B23CD5F3C006BB50D /* HomeStockViewController.swift in Sources */ = {isa = PBXBuildFile; fileRef = 9895F75A23CD5F3C006BB50D /* HomeStockViewController.swift */; };
		98982B1E23EC31200046C3E2 /* StocksProvider.swift in Sources */ = {isa = PBXBuildFile; fileRef = 98982B1D23EC31200046C3E2 /* StocksProvider.swift */; };
/* End PBXBuildFile section */

/* Begin PBXCopyFilesBuildPhase section */
		981EC72F23EA469D00CB8C7D /* Embed Frameworks */ = {
			isa = PBXCopyFilesBuildPhase;
			buildActionMask = 2147483647;
			dstPath = "";
			dstSubfolderSpec = 10;
			files = (
				981EC72E23EA469D00CB8C7D /* NetworkLIB.framework in Embed Frameworks */,
			);
			name = "Embed Frameworks";
			runOnlyForDeploymentPostprocessing = 0;
		};
/* End PBXCopyFilesBuildPhase section */

/* Begin PBXFileReference section */
		9829DD7F23FAACA2004E1AD0 /* StocksModel.swift */ = {isa = PBXFileReference; lastKnownFileType = sourcecode.swift; path = StocksModel.swift; sourceTree = "<group>"; };
		9881CC8D23EE3E7E00769AF5 /* PricesViewController.swift */ = {isa = PBXFileReference; lastKnownFileType = sourcecode.swift; path = PricesViewController.swift; sourceTree = "<group>"; };
		9881CC8F23EE429E00769AF5 /* SearchStockViewController.swift */ = {isa = PBXFileReference; lastKnownFileType = sourcecode.swift; path = SearchStockViewController.swift; sourceTree = "<group>"; };
		988DE91423EF983B00AFE931 /* HomeBusiness.swift */ = {isa = PBXFileReference; lastKnownFileType = sourcecode.swift; path = HomeBusiness.swift; sourceTree = "<group>"; };
		9895F74023CD5B67006BB50D /* Stock5.app */ = {isa = PBXFileReference; explicitFileType = wrapper.application; includeInIndex = 0; path = Stock5.app; sourceTree = BUILT_PRODUCTS_DIR; };
		9895F74323CD5B67006BB50D /* AppDelegate.swift */ = {isa = PBXFileReference; lastKnownFileType = sourcecode.swift; path = AppDelegate.swift; sourceTree = "<group>"; };
		9895F74523CD5B67006BB50D /* SceneDelegate.swift */ = {isa = PBXFileReference; lastKnownFileType = sourcecode.swift; path = SceneDelegate.swift; sourceTree = "<group>"; };
		9895F74723CD5B67006BB50D /* HomeViewController.swift */ = {isa = PBXFileReference; lastKnownFileType = sourcecode.swift; path = HomeViewController.swift; sourceTree = "<group>"; };
		9895F74A23CD5B67006BB50D /* Base */ = {isa = PBXFileReference; lastKnownFileType = file.storyboard; name = Base; path = Base.lproj/Home.storyboard; sourceTree = "<group>"; };
		9895F74C23CD5B6A006BB50D /* Assets.xcassets */ = {isa = PBXFileReference; lastKnownFileType = folder.assetcatalog; path = Assets.xcassets; sourceTree = "<group>"; };
		9895F74F23CD5B6A006BB50D /* Base */ = {isa = PBXFileReference; lastKnownFileType = file.storyboard; name = Base; path = Base.lproj/LaunchScreen.storyboard; sourceTree = "<group>"; };
		9895F75123CD5B6A006BB50D /* Info.plist */ = {isa = PBXFileReference; lastKnownFileType = text.plist.xml; path = Info.plist; sourceTree = "<group>"; };
		9895F75A23CD5F3C006BB50D /* HomeStockViewController.swift */ = {isa = PBXFileReference; lastKnownFileType = sourcecode.swift; path = HomeStockViewController.swift; sourceTree = "<group>"; };
		98982B1D23EC31200046C3E2 /* StocksProvider.swift */ = {isa = PBXFileReference; lastKnownFileType = sourcecode.swift; path = StocksProvider.swift; sourceTree = "<group>"; };
		98F2E7DA23E9119B009D429B /* NetworkLIB.framework */ = {isa = PBXFileReference; lastKnownFileType = wrapper.framework; name = NetworkLIB.framework; path = ../local_dependencies/NetworkLIB.framework; sourceTree = "<group>"; };
		98F2E7DE23E912F5009D429B /* NetworkLIB.framework */ = {isa = PBXFileReference; lastKnownFileType = wrapper.framework; name = NetworkLIB.framework; path = local_dependencies/NetworkLIB.framework; sourceTree = "<group>"; };
/* End PBXFileReference section */

/* Begin PBXFrameworksBuildPhase section */
		9895F73D23CD5B67006BB50D /* Frameworks */ = {
			isa = PBXFrameworksBuildPhase;
			buildActionMask = 2147483647;
			files = (
				981EC72D23EA469D00CB8C7D /* NetworkLIB.framework in Frameworks */,
			);
			runOnlyForDeploymentPostprocessing = 0;
		};
/* End PBXFrameworksBuildPhase section */

/* Begin PBXGroup section */
		9829DD7E23FAAC7D004E1AD0 /* Model */ = {
			isa = PBXGroup;
			children = (
				9829DD7F23FAACA2004E1AD0 /* StocksModel.swift */,
			);
			path = Model;
			sourceTree = "<group>";
		};
		9881CC8A23EE3DF400769AF5 /* ViewModel */ = {
			isa = PBXGroup;
			children = (
			);
			path = ViewModel;
			sourceTree = "<group>";
		};
		9881CC8B23EE3E0100769AF5 /* Storyboad */ = {
			isa = PBXGroup;
			children = (
				9895F74923CD5B67006BB50D /* Home.storyboard */,
			);
			path = Storyboad;
			sourceTree = "<group>";
		};
		9881CC8C23EE3E1200769AF5 /* Controller */ = {
			isa = PBXGroup;
			children = (
				9895F74723CD5B67006BB50D /* HomeViewController.swift */,
				9895F75A23CD5F3C006BB50D /* HomeStockViewController.swift */,
				9881CC8D23EE3E7E00769AF5 /* PricesViewController.swift */,
				9881CC8F23EE429E00769AF5 /* SearchStockViewController.swift */,
			);
			path = Controller;
			sourceTree = "<group>";
		};
		988DE91623EF984400AFE931 /* Business */ = {
			isa = PBXGroup;
			children = (
				988DE91423EF983B00AFE931 /* HomeBusiness.swift */,
			);
			path = Business;
			sourceTree = "<group>";
		};
		9895F73723CD5B67006BB50D = {
			isa = PBXGroup;
			children = (
				9895F74223CD5B67006BB50D /* Stock5 */,
				9895F74123CD5B67006BB50D /* Products */,
				98F2E7D923E9119B009D429B /* Frameworks */,
			);
			sourceTree = "<group>";
		};
		9895F74123CD5B67006BB50D /* Products */ = {
			isa = PBXGroup;
			children = (
				9895F74023CD5B67006BB50D /* Stock5.app */,
			);
			name = Products;
			sourceTree = "<group>";
		};
		9895F74223CD5B67006BB50D /* Stock5 */ = {
			isa = PBXGroup;
			children = (
				9895F75823CD5ED3006BB50D /* Source */,
				9895F75723CD5ECB006BB50D /* Resource */,
				9895F74C23CD5B6A006BB50D /* Assets.xcassets */,
				9895F74E23CD5B6A006BB50D /* LaunchScreen.storyboard */,
				9895F75123CD5B6A006BB50D /* Info.plist */,
			);
			path = Stock5;
			sourceTree = "<group>";
		};
		9895F75723CD5ECB006BB50D /* Resource */ = {
			isa = PBXGroup;
			children = (
				9895F74323CD5B67006BB50D /* AppDelegate.swift */,
				9895F74523CD5B67006BB50D /* SceneDelegate.swift */,
			);
			path = Resource;
			sourceTree = "<group>";
		};
		9895F75823CD5ED3006BB50D /* Source */ = {
			isa = PBXGroup;
			children = (
				98982B1C23EC31050046C3E2 /* Network */,
				9895F75923CD5EE7006BB50D /* Home */,
			);
			path = Source;
			sourceTree = "<group>";
		};
		9895F75923CD5EE7006BB50D /* Home */ = {
			isa = PBXGroup;
			children = (
				9829DD7E23FAAC7D004E1AD0 /* Model */,
				988DE91623EF984400AFE931 /* Business */,
				9881CC8C23EE3E1200769AF5 /* Controller */,
				9881CC8B23EE3E0100769AF5 /* Storyboad */,
				9881CC8A23EE3DF400769AF5 /* ViewModel */,
			);
			path = Home;
			sourceTree = "<group>";
		};
		98982B1C23EC31050046C3E2 /* Network */ = {
			isa = PBXGroup;
			children = (
				98982B1D23EC31200046C3E2 /* StocksProvider.swift */,
			);
			path = Network;
			sourceTree = "<group>";
		};
		98F2E7D923E9119B009D429B /* Frameworks */ = {
			isa = PBXGroup;
			children = (
				98F2E7DE23E912F5009D429B /* NetworkLIB.framework */,
				98F2E7DA23E9119B009D429B /* NetworkLIB.framework */,
			);
			name = Frameworks;
			sourceTree = "<group>";
		};
/* End PBXGroup section */

/* Begin PBXNativeTarget section */
		9895F73F23CD5B67006BB50D /* Stock5 */ = {
			isa = PBXNativeTarget;
			buildConfigurationList = 9895F75423CD5B6A006BB50D /* Build configuration list for PBXNativeTarget "Stock5" */;
			buildPhases = (
				9895F73C23CD5B67006BB50D /* Sources */,
				9895F73D23CD5B67006BB50D /* Frameworks */,
				9895F73E23CD5B67006BB50D /* Resources */,
				981EC72F23EA469D00CB8C7D /* Embed Frameworks */,
			);
			buildRules = (
			);
			dependencies = (
			);
			name = Stock5;
			productName = Stock5;
			productReference = 9895F74023CD5B67006BB50D /* Stock5.app */;
			productType = "com.apple.product-type.application";
		};
/* End PBXNativeTarget section */

/* Begin PBXProject section */
		9895F73823CD5B67006BB50D /* Project object */ = {
			isa = PBXProject;
			attributes = {
				LastSwiftUpdateCheck = 1130;
				LastUpgradeCheck = 1130;
				ORGANIZATIONNAME = "TBD-patrichel";
				TargetAttributes = {
					9895F73F23CD5B67006BB50D = {
						CreatedOnToolsVersion = 11.3;
					};
				};
			};
			buildConfigurationList = 9895F73B23CD5B67006BB50D /* Build configuration list for PBXProject "Stock5" */;
			compatibilityVersion = "Xcode 9.3";
			developmentRegion = en;
			hasScannedForEncodings = 0;
			knownRegions = (
				en,
				Base,
			);
			mainGroup = 9895F73723CD5B67006BB50D;
			productRefGroup = 9895F74123CD5B67006BB50D /* Products */;
			projectDirPath = "";
			projectRoot = "";
			targets = (
				9895F73F23CD5B67006BB50D /* Stock5 */,
			);
		};
/* End PBXProject section */

/* Begin PBXResourcesBuildPhase section */
		9895F73E23CD5B67006BB50D /* Resources */ = {
			isa = PBXResourcesBuildPhase;
			buildActionMask = 2147483647;
			files = (
				9895F75023CD5B6A006BB50D /* LaunchScreen.storyboard in Resources */,
				9895F74D23CD5B6A006BB50D /* Assets.xcassets in Resources */,
				9895F74B23CD5B67006BB50D /* Home.storyboard in Resources */,
			);
			runOnlyForDeploymentPostprocessing = 0;
		};
/* End PBXResourcesBuildPhase section */

/* Begin PBXSourcesBuildPhase section */
		9895F73C23CD5B67006BB50D /* Sources */ = {
			isa = PBXSourcesBuildPhase;
			buildActionMask = 2147483647;
			files = (
				9881CC8E23EE3E7E00769AF5 /* PricesViewController.swift in Sources */,
				9829DD8023FAACA2004E1AD0 /* StocksModel.swift in Sources */,
				9895F75B23CD5F3C006BB50D /* HomeStockViewController.swift in Sources */,
				98982B1E23EC31200046C3E2 /* StocksProvider.swift in Sources */,
				9895F74823CD5B67006BB50D /* HomeViewController.swift in Sources */,
				9895F74423CD5B67006BB50D /* AppDelegate.swift in Sources */,
				988DE91523EF983B00AFE931 /* HomeBusiness.swift in Sources */,
				9895F74623CD5B67006BB50D /* SceneDelegate.swift in Sources */,
				9881CC9023EE429E00769AF5 /* SearchStockViewController.swift in Sources */,
			);
			runOnlyForDeploymentPostprocessing = 0;
		};
/* End PBXSourcesBuildPhase section */

/* Begin PBXVariantGroup section */
		9895F74923CD5B67006BB50D /* Home.storyboard */ = {
			isa = PBXVariantGroup;
			children = (
				9895F74A23CD5B67006BB50D /* Base */,
			);
			name = Home.storyboard;
			sourceTree = "<group>";
		};
		9895F74E23CD5B6A006BB50D /* LaunchScreen.storyboard */ = {
			isa = PBXVariantGroup;
			children = (
				9895F74F23CD5B6A006BB50D /* Base */,
			);
			name = LaunchScreen.storyboard;
			sourceTree = "<group>";
		};
/* End PBXVariantGroup section */

/* Begin XCBuildConfiguration section */
		9895F75223CD5B6A006BB50D /* Debug */ = {
			isa = XCBuildConfiguration;
			buildSettings = {
				ALWAYS_SEARCH_USER_PATHS = NO;
				CLANG_ANALYZER_NONNULL = YES;
				CLANG_ANALYZER_NUMBER_OBJECT_CONVERSION = YES_AGGRESSIVE;
				CLANG_CXX_LANGUAGE_STANDARD = "gnu++14";
				CLANG_CXX_LIBRARY = "libc++";
				CLANG_ENABLE_MODULES = YES;
				CLANG_ENABLE_OBJC_ARC = YES;
				CLANG_ENABLE_OBJC_WEAK = YES;
				CLANG_WARN_BLOCK_CAPTURE_AUTORELEASING = YES;
				CLANG_WARN_BOOL_CONVERSION = YES;
				CLANG_WARN_COMMA = YES;
				CLANG_WARN_CONSTANT_CONVERSION = YES;
				CLANG_WARN_DEPRECATED_OBJC_IMPLEMENTATIONS = YES;
				CLANG_WARN_DIRECT_OBJC_ISA_USAGE = YES_ERROR;
				CLANG_WARN_DOCUMENTATION_COMMENTS = YES;
				CLANG_WARN_EMPTY_BODY = YES;
				CLANG_WARN_ENUM_CONVERSION = YES;
				CLANG_WARN_INFINITE_RECURSION = YES;
				CLANG_WARN_INT_CONVERSION = YES;
				CLANG_WARN_NON_LITERAL_NULL_CONVERSION = YES;
				CLANG_WARN_OBJC_IMPLICIT_RETAIN_SELF = YES;
				CLANG_WARN_OBJC_LITERAL_CONVERSION = YES;
				CLANG_WARN_OBJC_ROOT_CLASS = YES_ERROR;
				CLANG_WARN_RANGE_LOOP_ANALYSIS = YES;
				CLANG_WARN_STRICT_PROTOTYPES = YES;
				CLANG_WARN_SUSPICIOUS_MOVE = YES;
				CLANG_WARN_UNGUARDED_AVAILABILITY = YES_AGGRESSIVE;
				CLANG_WARN_UNREACHABLE_CODE = YES;
				CLANG_WARN__DUPLICATE_METHOD_MATCH = YES;
				COPY_PHASE_STRIP = NO;
				DEBUG_INFORMATION_FORMAT = dwarf;
				ENABLE_STRICT_OBJC_MSGSEND = YES;
				ENABLE_TESTABILITY = YES;
				GCC_C_LANGUAGE_STANDARD = gnu11;
				GCC_DYNAMIC_NO_PIC = NO;
				GCC_NO_COMMON_BLOCKS = YES;
				GCC_OPTIMIZATION_LEVEL = 0;
				GCC_PREPROCESSOR_DEFINITIONS = (
					"DEBUG=1",
					"$(inherited)",
				);
				GCC_WARN_64_TO_32_BIT_CONVERSION = YES;
				GCC_WARN_ABOUT_RETURN_TYPE = YES_ERROR;
				GCC_WARN_UNDECLARED_SELECTOR = YES;
				GCC_WARN_UNINITIALIZED_AUTOS = YES_AGGRESSIVE;
				GCC_WARN_UNUSED_FUNCTION = YES;
				GCC_WARN_UNUSED_VARIABLE = YES;
				IPHONEOS_DEPLOYMENT_TARGET = 13.2;
				MTL_ENABLE_DEBUG_INFO = INCLUDE_SOURCE;
				MTL_FAST_MATH = YES;
				ONLY_ACTIVE_ARCH = YES;
				SDKROOT = iphoneos;
				SWIFT_ACTIVE_COMPILATION_CONDITIONS = DEBUG;
				SWIFT_OPTIMIZATION_LEVEL = "-Onone";
				VALID_ARCHS = "arm64 arm64e armv7 armv7s";
			};
			name = Debug;
		};
		9895F75323CD5B6A006BB50D /* Release */ = {
			isa = XCBuildConfiguration;
			buildSettings = {
				ALWAYS_SEARCH_USER_PATHS = NO;
				CLANG_ANALYZER_NONNULL = YES;
				CLANG_ANALYZER_NUMBER_OBJECT_CONVERSION = YES_AGGRESSIVE;
				CLANG_CXX_LANGUAGE_STANDARD = "gnu++14";
				CLANG_CXX_LIBRARY = "libc++";
				CLANG_ENABLE_MODULES = YES;
				CLANG_ENABLE_OBJC_ARC = YES;
				CLANG_ENABLE_OBJC_WEAK = YES;
				CLANG_WARN_BLOCK_CAPTURE_AUTORELEASING = YES;
				CLANG_WARN_BOOL_CONVERSION = YES;
				CLANG_WARN_COMMA = YES;
				CLANG_WARN_CONSTANT_CONVERSION = YES;
				CLANG_WARN_DEPRECATED_OBJC_IMPLEMENTATIONS = YES;
				CLANG_WARN_DIRECT_OBJC_ISA_USAGE = YES_ERROR;
				CLANG_WARN_DOCUMENTATION_COMMENTS = YES;
				CLANG_WARN_EMPTY_BODY = YES;
				CLANG_WARN_ENUM_CONVERSION = YES;
				CLANG_WARN_INFINITE_RECURSION = YES;
				CLANG_WARN_INT_CONVERSION = YES;
				CLANG_WARN_NON_LITERAL_NULL_CONVERSION = YES;
				CLANG_WARN_OBJC_IMPLICIT_RETAIN_SELF = YES;
				CLANG_WARN_OBJC_LITERAL_CONVERSION = YES;
				CLANG_WARN_OBJC_ROOT_CLASS = YES_ERROR;
				CLANG_WARN_RANGE_LOOP_ANALYSIS = YES;
				CLANG_WARN_STRICT_PROTOTYPES = YES;
				CLANG_WARN_SUSPICIOUS_MOVE = YES;
				CLANG_WARN_UNGUARDED_AVAILABILITY = YES_AGGRESSIVE;
				CLANG_WARN_UNREACHABLE_CODE = YES;
				CLANG_WARN__DUPLICATE_METHOD_MATCH = YES;
				COPY_PHASE_STRIP = NO;
				DEBUG_INFORMATION_FORMAT = "dwarf-with-dsym";
				ENABLE_NS_ASSERTIONS = NO;
				ENABLE_STRICT_OBJC_MSGSEND = YES;
				GCC_C_LANGUAGE_STANDARD = gnu11;
				GCC_NO_COMMON_BLOCKS = YES;
				GCC_WARN_64_TO_32_BIT_CONVERSION = YES;
				GCC_WARN_ABOUT_RETURN_TYPE = YES_ERROR;
				GCC_WARN_UNDECLARED_SELECTOR = YES;
				GCC_WARN_UNINITIALIZED_AUTOS = YES_AGGRESSIVE;
				GCC_WARN_UNUSED_FUNCTION = YES;
				GCC_WARN_UNUSED_VARIABLE = YES;
				IPHONEOS_DEPLOYMENT_TARGET = 13.2;
				MTL_ENABLE_DEBUG_INFO = NO;
				MTL_FAST_MATH = YES;
				SDKROOT = iphoneos;
				SWIFT_COMPILATION_MODE = wholemodule;
				SWIFT_OPTIMIZATION_LEVEL = "-O";
				VALIDATE_PRODUCT = YES;
				VALID_ARCHS = "arm64 arm64e armv7 armv7s";
			};
			name = Release;
		};
		9895F75523CD5B6A006BB50D /* Debug */ = {
			isa = XCBuildConfiguration;
			buildSettings = {
				ASSETCATALOG_COMPILER_APPICON_NAME = AppIcon;
				CODE_SIGN_STYLE = Automatic;
				DEVELOPMENT_TEAM = 5Z67258WU3;
				FRAMEWORK_SEARCH_PATHS = (
					"$(inherited)",
					"$(PROJECT_DIR)/local_dependencies",
				);
				INFOPLIST_FILE = Stock5/Info.plist;
				IPHONEOS_DEPLOYMENT_TARGET = 13.2;
				LD_RUNPATH_SEARCH_PATHS = (
					"$(inherited)",
					"@executable_path/Frameworks",
				);
				PRODUCT_BUNDLE_IDENTIFIER = com.tbd.patrichel.Stock5;
				PRODUCT_NAME = "$(TARGET_NAME)";
				SWIFT_VERSION = 5.0;
				TARGETED_DEVICE_FAMILY = 1;
			};
			name = Debug;
		};
		9895F75623CD5B6A006BB50D /* Release */ = {
			isa = XCBuildConfiguration;
			buildSettings = {
				ASSETCATALOG_COMPILER_APPICON_NAME = AppIcon;
				CODE_SIGN_STYLE = Automatic;
				DEVELOPMENT_TEAM = 5Z67258WU3;
				FRAMEWORK_SEARCH_PATHS = (
					"$(inherited)",
					"$(PROJECT_DIR)/local_dependencies",
				);
				INFOPLIST_FILE = Stock5/Info.plist;
				IPHONEOS_DEPLOYMENT_TARGET = 13.2;
				LD_RUNPATH_SEARCH_PATHS = (
					"$(inherited)",
					"@executable_path/Frameworks",
				);
				PRODUCT_BUNDLE_IDENTIFIER = com.tbd.patrichel.Stock5;
				PRODUCT_NAME = "$(TARGET_NAME)";
				SWIFT_VERSION = 5.0;
				TARGETED_DEVICE_FAMILY = 1;
			};
			name = Release;
		};
/* End XCBuildConfiguration section */

/* Begin XCConfigurationList section */
		9895F73B23CD5B67006BB50D /* Build configuration list for PBXProject "Stock5" */ = {
			isa = XCConfigurationList;
			buildConfigurations = (
				9895F75223CD5B6A006BB50D /* Debug */,
				9895F75323CD5B6A006BB50D /* Release */,
			);
			defaultConfigurationIsVisible = 0;
			defaultConfigurationName = Release;
		};
		9895F75423CD5B6A006BB50D /* Build configuration list for PBXNativeTarget "Stock5" */ = {
			isa = XCConfigurationList;
			buildConfigurations = (
				9895F75523CD5B6A006BB50D /* Debug */,
				9895F75623CD5B6A006BB50D /* Release */,
			);
			defaultConfigurationIsVisible = 0;
			defaultConfigurationName = Release;
		};
/* End XCConfigurationList section */
	};
	rootObject = 9895F73823CD5B67006BB50D /* Project object */;
}
